
Microsoft Visual Studio Solution File, Format Version 12.00
# Visual Studio 15
VisualStudioVersion = 15.0.28010.2046
MinimumVisualStudioVersion = 10.0.40219.1
Project("{9A19103F-16F7-4668-BE54-9A1E7A4F7556}") = "CustomHttpWrapperLibrary", "CustomHttpWrapperLibrary\CustomHttpWrapperLibrary.csproj", "{9F98A8D5-D1A0-4A40-8354-004E0C9AD4D5}"
EndProject
Project("{FAE04EC0-301F-11D3-BF4B-00C04F79EFBC}") = "CustomHttpWrapperLibrary.Tests", "CustomHttpWrapperLibrary.Tests\CustomHttpWrapperLibrary.Tests.csproj", "{5AD594EF-1E5F-49BF-AFC1-3F6FCFC3B196}"
EndProject
Global
	GlobalSection(SolutionConfigurationPlatforms) = preSolution
		Debug|Any CPU = Debug|Any CPU
		Release|Any CPU = Release|Any CPU
	EndGlobalSection
	GlobalSection(ProjectConfigurationPlatforms) = postSolution
		{9F98A8D5-D1A0-4A40-8354-004E0C9AD4D5}.Debug|Any CPU.ActiveCfg = Debug|Any CPU
		{9F98A8D5-D1A0-4A40-8354-004E0C9AD4D5}.Debug|Any CPU.Build.0 = Debug|Any CPU
		{9F98A8D5-D1A0-4A40-8354-004E0C9AD4D5}.Release|Any CPU.ActiveCfg = Release|Any CPU
		{9F98A8D5-D1A0-4A40-8354-004E0C9AD4D5}.Release|Any CPU.Build.0 = Release|Any CPU
		{5AD594EF-1E5F-49BF-AFC1-3F6FCFC3B196}.Debug|Any CPU.ActiveCfg = Debug|Any CPU
		{5AD594EF-1E5F-49BF-AFC1-3F6FCFC3B196}.Debug|Any CPU.Build.0 = Debug|Any CPU
		{5AD594EF-1E5F-49BF-AFC1-3F6FCFC3B196}.Release|Any CPU.ActiveCfg = Release|Any CPU
		{5AD594EF-1E5F-49BF-AFC1-3F6FCFC3B196}.Release|Any CPU.Build.0 = Release|Any CPU
	EndGlobalSection
	GlobalSection(SolutionProperties) = preSolution
		HideSolutionNode = FALSE
	EndGlobalSection
	GlobalSection(ExtensibilityGlobals) = postSolution
		SolutionGuid = {4DF77871-1AE2-47A6-A085-8B1635B593C8}
	EndGlobalSection
EndGlobal
